
Microsoft Visual Studio Solution File, Format Version 12.00
# Visual Studio Version 17
VisualStudioVersion = 17.0.31919.166
MinimumVisualStudioVersion = 10.0.40219.1
Project("{FAE04EC0-301F-11D3-BF4B-00C04F79EFBC}") = "TitanEngine.NET", "TitanEngine.NET\TitanEngine.NET.csproj", "{EC0EB63F-E9AD-44C2-9976-416FD9316E95}"
EndProject
Global
	GlobalSection(SolutionConfigurationPlatforms) = preSolution
		Debug|Any CPU = Debug|Any CPU
		Release|Any CPU = Release|Any CPU
	EndGlobalSection
	GlobalSection(ProjectConfigurationPlatforms) = postSolution
		{EC0EB63F-E9AD-44C2-9976-416FD9316E95}.Debug|Any CPU.ActiveCfg = Debug|Any CPU
		{EC0EB63F-E9AD-44C2-9976-416FD9316E95}.Debug|Any CPU.Build.0 = Debug|Any CPU
		{EC0EB63F-E9AD-44C2-9976-416FD9316E95}.Release|Any CPU.ActiveCfg = Release|Any CPU
		{EC0EB63F-E9AD-44C2-9976-416FD9316E95}.Release|Any CPU.Build.0 = Release|Any CPU
	EndGlobalSection
	GlobalSection(SolutionProperties) = preSolution
		HideSolutionNode = FALSE
	EndGlobalSection
	GlobalSection(ExtensibilityGlobals) = postSolution
		SolutionGuid = {CC5F4673-F369-4EF8-AE8F-F668630B5B45}
	EndGlobalSection
EndGlobal
